
Microsoft Visual Studio Solution File, Format Version 12.00
# Visual Studio Version 17
VisualStudioVersion = 17.11.35312.102
MinimumVisualStudioVersion = 10.0.40219.1
Project("{888888A0-9F3D-457C-B088-3A5042F75D52}") = "chạy code thử nghiệm", "chạy code thử nghiệm.pyproj", "{66C97060-99EA-4B45-A7BC-2836B2E9AA63}"
EndProject
Global
	GlobalSection(SolutionConfigurationPlatforms) = preSolution
		Debug|Any CPU = Debug|Any CPU
		Release|Any CPU = Release|Any CPU
	EndGlobalSection
	GlobalSection(ProjectConfigurationPlatforms) = postSolution
		{66C97060-99EA-4B45-A7BC-2836B2E9AA63}.Debug|Any CPU.ActiveCfg = Debug|Any CPU
		{66C97060-99EA-4B45-A7BC-2836B2E9AA63}.Release|Any CPU.ActiveCfg = Release|Any CPU
	EndGlobalSection
	GlobalSection(SolutionProperties) = preSolution
		HideSolutionNode = FALSE
	EndGlobalSection
	GlobalSection(ExtensibilityGlobals) = postSolution
		SolutionGuid = {E7EAF944-A1C1-4616-BBD9-A5DBE7B1D62D}
	EndGlobalSection
EndGlobal
